// !$*UTF8*$!
{
	archiveVersion = 1;
	classes = {
	};
	objectVersion = 45;
	objects = {

/* Begin PBXBuildFile section */
		1D60589B0D05DD56006BFB54 /* main.m in Sources */ = {isa = PBXBuildFile; fileRef = 29B97316FDCFA39411CA2CEA /* main.m */; };
		1D60589F0D05DD5A006BFB54 /* Foundation.framework in Frameworks */ = {isa = PBXBuildFile; fileRef = 1D30AB110D05D00D00671497 /* Foundation.framework */; };
		1DF5F4E00D08C38300B7A737 /* UIKit.framework in Frameworks */ = {isa = PBXBuildFile; fileRef = 1DF5F4DF0D08C38300B7A737 /* UIKit.framework */; };
		288765FD0DF74451002DB57D /* CoreGraphics.framework in Frameworks */ = {isa = PBXBuildFile; fileRef = 288765FC0DF74451002DB57D /* CoreGraphics.framework */; };
		D2CC0736129B113F00888692 /* README in Resources */ = {isa = PBXBuildFile; fileRef = D2CC0735129B113F00888692 /* README */; };
		D2CC084A129B1C3900888692 /* NSObject+SBJSON.m in Sources */ = {isa = PBXBuildFile; fileRef = D2CC079F129B1C3900888692 /* NSObject+SBJSON.m */; };
		D2CC084B129B1C3900888692 /* NSString+SBJSON.m in Sources */ = {isa = PBXBuildFile; fileRef = D2CC07A1129B1C3900888692 /* NSString+SBJSON.m */; };
		D2CC084C129B1C3900888692 /* SBJsonBase.m in Sources */ = {isa = PBXBuildFile; fileRef = D2CC07A3129B1C3900888692 /* SBJsonBase.m */; };
		D2CC084D129B1C3900888692 /* SBJsonParser.m in Sources */ = {isa = PBXBuildFile; fileRef = D2CC07A5129B1C3900888692 /* SBJsonParser.m */; };
		D2CC084E129B1C3900888692 /* SBJsonStreamWriter.m in Sources */ = {isa = PBXBuildFile; fileRef = D2CC07A7129B1C3900888692 /* SBJsonStreamWriter.m */; };
		D2CC084F129B1C3900888692 /* SBJsonWriter.m in Sources */ = {isa = PBXBuildFile; fileRef = D2CC07A9129B1C3900888692 /* SBJsonWriter.m */; };
		D2CC08E8129B1C8800888692 /* MainWindow.xib in Resources */ = {isa = PBXBuildFile; fileRef = D2CC08E6129B1C8800888692 /* MainWindow.xib */; };
		D2CC08E9129B1C8800888692 /* SayingsView.xib in Resources */ = {isa = PBXBuildFile; fileRef = D2CC08E7129B1C8800888692 /* SayingsView.xib */; };
		D2CC08EE129B1C9000888692 /* iPhrasrAppDelegate.m in Sources */ = {isa = PBXBuildFile; fileRef = D2CC08EB129B1C9000888692 /* iPhrasrAppDelegate.m */; };
		D2CC08EF129B1C9000888692 /* SayingsController.m in Sources */ = {isa = PBXBuildFile; fileRef = D2CC08ED129B1C9000888692 /* SayingsController.m */; };
		D2CC08F4129B1CF900888692 /* Saying.m in Sources */ = {isa = PBXBuildFile; fileRef = D2CC08F3129B1CF900888692 /* Saying.m */; };
/* End PBXBuildFile section */

/* Begin PBXFileReference section */
		1D30AB110D05D00D00671497 /* Foundation.framework */ = {isa = PBXFileReference; lastKnownFileType = wrapper.framework; name = Foundation.framework; path = System/Library/Frameworks/Foundation.framework; sourceTree = SDKROOT; };
		1D6058910D05DD3D006BFB54 /* iPhrasr.app */ = {isa = PBXFileReference; explicitFileType = wrapper.application; includeInIndex = 0; path = iPhrasr.app; sourceTree = BUILT_PRODUCTS_DIR; };
		1DF5F4DF0D08C38300B7A737 /* UIKit.framework */ = {isa = PBXFileReference; lastKnownFileType = wrapper.framework; name = UIKit.framework; path = System/Library/Frameworks/UIKit.framework; sourceTree = SDKROOT; };
		288765FC0DF74451002DB57D /* CoreGraphics.framework */ = {isa = PBXFileReference; lastKnownFileType = wrapper.framework; name = CoreGraphics.framework; path = System/Library/Frameworks/CoreGraphics.framework; sourceTree = SDKROOT; };
		29B97316FDCFA39411CA2CEA /* main.m */ = {isa = PBXFileReference; fileEncoding = 4; lastKnownFileType = sourcecode.c.objc; path = main.m; sourceTree = "<group>"; };
		32CA4F630368D1EE00C91783 /* iPhrasr_Prefix.pch */ = {isa = PBXFileReference; fileEncoding = 4; lastKnownFileType = sourcecode.c.h; path = iPhrasr_Prefix.pch; sourceTree = "<group>"; };
		8D1107310486CEB800E47090 /* iPhrasr-Info.plist */ = {isa = PBXFileReference; fileEncoding = 4; lastKnownFileType = text.plist.xml; path = "iPhrasr-Info.plist"; plistStructureDefinitionIdentifier = "com.apple.xcode.plist.structure-definition.iphone.info-plist"; sourceTree = "<group>"; };
		D2CC0735129B113F00888692 /* README */ = {isa = PBXFileReference; fileEncoding = 4; lastKnownFileType = text; path = README; sourceTree = "<group>"; };
		D2CC079D129B1C3900888692 /* JSON.h */ = {isa = PBXFileReference; fileEncoding = 4; lastKnownFileType = sourcecode.c.h; path = JSON.h; sourceTree = "<group>"; };
		D2CC079E129B1C3900888692 /* NSObject+SBJSON.h */ = {isa = PBXFileReference; fileEncoding = 4; lastKnownFileType = sourcecode.c.h; path = "NSObject+SBJSON.h"; sourceTree = "<group>"; };
		D2CC079F129B1C3900888692 /* NSObject+SBJSON.m */ = {isa = PBXFileReference; fileEncoding = 4; lastKnownFileType = sourcecode.c.objc; path = "NSObject+SBJSON.m"; sourceTree = "<group>"; };
		D2CC07A0129B1C3900888692 /* NSString+SBJSON.h */ = {isa = PBXFileReference; fileEncoding = 4; lastKnownFileType = sourcecode.c.h; path = "NSString+SBJSON.h"; sourceTree = "<group>"; };
		D2CC07A1129B1C3900888692 /* NSString+SBJSON.m */ = {isa = PBXFileReference; fileEncoding = 4; lastKnownFileType = sourcecode.c.objc; path = "NSString+SBJSON.m"; sourceTree = "<group>"; };
		D2CC07A2129B1C3900888692 /* SBJsonBase.h */ = {isa = PBXFileReference; fileEncoding = 4; lastKnownFileType = sourcecode.c.h; path = SBJsonBase.h; sourceTree = "<group>"; };
		D2CC07A3129B1C3900888692 /* SBJsonBase.m */ = {isa = PBXFileReference; fileEncoding = 4; lastKnownFileType = sourcecode.c.objc; path = SBJsonBase.m; sourceTree = "<group>"; };
		D2CC07A4129B1C3900888692 /* SBJsonParser.h */ = {isa = PBXFileReference; fileEncoding = 4; lastKnownFileType = sourcecode.c.h; path = SBJsonParser.h; sourceTree = "<group>"; };
		D2CC07A5129B1C3900888692 /* SBJsonParser.m */ = {isa = PBXFileReference; fileEncoding = 4; lastKnownFileType = sourcecode.c.objc; path = SBJsonParser.m; sourceTree = "<group>"; };
		D2CC07A6129B1C3900888692 /* SBJsonStreamWriter.h */ = {isa = PBXFileReference; fileEncoding = 4; lastKnownFileType = sourcecode.c.h; path = SBJsonStreamWriter.h; sourceTree = "<group>"; };
		D2CC07A7129B1C3900888692 /* SBJsonStreamWriter.m */ = {isa = PBXFileReference; fileEncoding = 4; lastKnownFileType = sourcecode.c.objc; path = SBJsonStreamWriter.m; sourceTree = "<group>"; };
		D2CC07A8129B1C3900888692 /* SBJsonWriter.h */ = {isa = PBXFileReference; fileEncoding = 4; lastKnownFileType = sourcecode.c.h; path = SBJsonWriter.h; sourceTree = "<group>"; };
		D2CC07A9129B1C3900888692 /* SBJsonWriter.m */ = {isa = PBXFileReference; fileEncoding = 4; lastKnownFileType = sourcecode.c.objc; path = SBJsonWriter.m; sourceTree = "<group>"; };
		D2CC07AA129B1C3900888692 /* SBProxyForJson.h */ = {isa = PBXFileReference; fileEncoding = 4; lastKnownFileType = sourcecode.c.h; path = SBProxyForJson.h; sourceTree = "<group>"; };
		D2CC08E6129B1C8800888692 /* MainWindow.xib */ = {isa = PBXFileReference; lastKnownFileType = file.xib; path = MainWindow.xib; sourceTree = "<group>"; };
		D2CC08E7129B1C8800888692 /* SayingsView.xib */ = {isa = PBXFileReference; lastKnownFileType = file.xib; path = SayingsView.xib; sourceTree = "<group>"; };
		D2CC08EA129B1C9000888692 /* iPhrasrAppDelegate.h */ = {isa = PBXFileReference; fileEncoding = 4; lastKnownFileType = sourcecode.c.h; path = iPhrasrAppDelegate.h; sourceTree = "<group>"; };
		D2CC08EB129B1C9000888692 /* iPhrasrAppDelegate.m */ = {isa = PBXFileReference; fileEncoding = 4; lastKnownFileType = sourcecode.c.objc; path = iPhrasrAppDelegate.m; sourceTree = "<group>"; };
		D2CC08EC129B1C9000888692 /* SayingsController.h */ = {isa = PBXFileReference; fileEncoding = 4; lastKnownFileType = sourcecode.c.h; path = SayingsController.h; sourceTree = "<group>"; };
		D2CC08ED129B1C9000888692 /* SayingsController.m */ = {isa = PBXFileReference; fileEncoding = 4; lastKnownFileType = sourcecode.c.objc; path = SayingsController.m; sourceTree = "<group>"; };
		D2CC08F2129B1CF900888692 /* Saying.h */ = {isa = PBXFileReference; fileEncoding = 4; lastKnownFileType = sourcecode.c.h; path = Saying.h; sourceTree = "<group>"; };
		D2CC08F3129B1CF900888692 /* Saying.m */ = {isa = PBXFileReference; fileEncoding = 4; lastKnownFileType = sourcecode.c.objc; path = Saying.m; sourceTree = "<group>"; };
/* End PBXFileReference section */

/* Begin PBXFrameworksBuildPhase section */
		1D60588F0D05DD3D006BFB54 /* Frameworks */ = {
			isa = PBXFrameworksBuildPhase;
			buildActionMask = 2147483647;
			files = (
				1D60589F0D05DD5A006BFB54 /* Foundation.framework in Frameworks */,
				1DF5F4E00D08C38300B7A737 /* UIKit.framework in Frameworks */,
				288765FD0DF74451002DB57D /* CoreGraphics.framework in Frameworks */,
			);
			runOnlyForDeploymentPostprocessing = 0;
		};
/* End PBXFrameworksBuildPhase section */

/* Begin PBXGroup section */
		19C28FACFE9D520D11CA2CBB /* Products */ = {
			isa = PBXGroup;
			children = (
				1D6058910D05DD3D006BFB54 /* iPhrasr.app */,
			);
			name = Products;
			sourceTree = "<group>";
		};
		29B97314FDCFA39411CA2CEA /* CustomTemplate */ = {
			isa = PBXGroup;
			children = (
				D2CC079A129B1C3900888692 /* Models */,
				D2CC0849129B1C3900888692 /* Views */,
				D2CC0798129B1C3900888692 /* Controllers */,
				D2CC0799129B1C3900888692 /* Helpers */,
				D2CC079B129B1C3900888692 /* Support */,
				29B97315FDCFA39411CA2CEA /* Other Sources */,
				29B97317FDCFA39411CA2CEA /* Resources */,
				29B97323FDCFA39411CA2CEA /* Frameworks */,
				19C28FACFE9D520D11CA2CBB /* Products */,
			);
			name = CustomTemplate;
			sourceTree = "<group>";
		};
		29B97315FDCFA39411CA2CEA /* Other Sources */ = {
			isa = PBXGroup;
			children = (
				32CA4F630368D1EE00C91783 /* iPhrasr_Prefix.pch */,
				29B97316FDCFA39411CA2CEA /* main.m */,
			);
			name = "Other Sources";
			sourceTree = "<group>";
		};
		29B97317FDCFA39411CA2CEA /* Resources */ = {
			isa = PBXGroup;
			children = (
				8D1107310486CEB800E47090 /* iPhrasr-Info.plist */,
				D2CC0735129B113F00888692 /* README */,
			);
			name = Resources;
			sourceTree = "<group>";
		};
		29B97323FDCFA39411CA2CEA /* Frameworks */ = {
			isa = PBXGroup;
			children = (
				1DF5F4DF0D08C38300B7A737 /* UIKit.framework */,
				1D30AB110D05D00D00671497 /* Foundation.framework */,
				288765FC0DF74451002DB57D /* CoreGraphics.framework */,
			);
			name = Frameworks;
			sourceTree = "<group>";
		};
		D2CC0798129B1C3900888692 /* Controllers */ = {
			isa = PBXGroup;
			children = (
				D2CC08EA129B1C9000888692 /* iPhrasrAppDelegate.h */,
				D2CC08EB129B1C9000888692 /* iPhrasrAppDelegate.m */,
				D2CC08EC129B1C9000888692 /* SayingsController.h */,
				D2CC08ED129B1C9000888692 /* SayingsController.m */,
			);
			path = Controllers;
			sourceTree = "<group>";
		};
		D2CC0799129B1C3900888692 /* Helpers */ = {
			isa = PBXGroup;
			children = (
			);
			path = Helpers;
			sourceTree = "<group>";
		};
		D2CC079A129B1C3900888692 /* Models */ = {
			isa = PBXGroup;
			children = (
				D2CC08F2129B1CF900888692 /* Saying.h */,
				D2CC08F3129B1CF900888692 /* Saying.m */,
			);
			path = Models;
			sourceTree = "<group>";
		};
		D2CC079B129B1C3900888692 /* Support */ = {
			isa = PBXGroup;
			children = (
				D2CC079C129B1C3900888692 /* JSON */,
			);
			path = Support;
			sourceTree = "<group>";
		};
		D2CC079C129B1C3900888692 /* JSON */ = {
			isa = PBXGroup;
			children = (
				D2CC079D129B1C3900888692 /* JSON.h */,
				D2CC079E129B1C3900888692 /* NSObject+SBJSON.h */,
				D2CC079F129B1C3900888692 /* NSObject+SBJSON.m */,
				D2CC07A0129B1C3900888692 /* NSString+SBJSON.h */,
				D2CC07A1129B1C3900888692 /* NSString+SBJSON.m */,
				D2CC07A2129B1C3900888692 /* SBJsonBase.h */,
				D2CC07A3129B1C3900888692 /* SBJsonBase.m */,
				D2CC07A4129B1C3900888692 /* SBJsonParser.h */,
				D2CC07A5129B1C3900888692 /* SBJsonParser.m */,
				D2CC07A6129B1C3900888692 /* SBJsonStreamWriter.h */,
				D2CC07A7129B1C3900888692 /* SBJsonStreamWriter.m */,
				D2CC07A8129B1C3900888692 /* SBJsonWriter.h */,
				D2CC07A9129B1C3900888692 /* SBJsonWriter.m */,
				D2CC07AA129B1C3900888692 /* SBProxyForJson.h */,
			);
			path = JSON;
			sourceTree = "<group>";
		};
		D2CC0849129B1C3900888692 /* Views */ = {
			isa = PBXGroup;
			children = (
				D2CC08E6129B1C8800888692 /* MainWindow.xib */,
				D2CC08E7129B1C8800888692 /* SayingsView.xib */,
			);
			path = Views;
			sourceTree = "<group>";
		};
/* End PBXGroup section */

/* Begin PBXNativeTarget section */
		1D6058900D05DD3D006BFB54 /* iPhrasr */ = {
			isa = PBXNativeTarget;
			buildConfigurationList = 1D6058960D05DD3E006BFB54 /* Build configuration list for PBXNativeTarget "iPhrasr" */;
			buildPhases = (
				1D60588D0D05DD3D006BFB54 /* Resources */,
				1D60588E0D05DD3D006BFB54 /* Sources */,
				1D60588F0D05DD3D006BFB54 /* Frameworks */,
			);
			buildRules = (
			);
			dependencies = (
			);
			name = iPhrasr;
			productName = iPhrasr;
			productReference = 1D6058910D05DD3D006BFB54 /* iPhrasr.app */;
			productType = "com.apple.product-type.application";
		};
/* End PBXNativeTarget section */

/* Begin PBXProject section */
		29B97313FDCFA39411CA2CEA /* Project object */ = {
			isa = PBXProject;
			buildConfigurationList = C01FCF4E08A954540054247B /* Build configuration list for PBXProject "iPhrasr" */;
			compatibilityVersion = "Xcode 3.1";
			developmentRegion = English;
			hasScannedForEncodings = 1;
			knownRegions = (
				English,
				Japanese,
				French,
				German,
			);
			mainGroup = 29B97314FDCFA39411CA2CEA /* CustomTemplate */;
			projectDirPath = "";
			projectRoot = "";
			targets = (
				1D6058900D05DD3D006BFB54 /* iPhrasr */,
			);
		};
/* End PBXProject section */

/* Begin PBXResourcesBuildPhase section */
		1D60588D0D05DD3D006BFB54 /* Resources */ = {
			isa = PBXResourcesBuildPhase;
			buildActionMask = 2147483647;
			files = (
				D2CC0736129B113F00888692 /* README in Resources */,
				D2CC08E8129B1C8800888692 /* MainWindow.xib in Resources */,
				D2CC08E9129B1C8800888692 /* SayingsView.xib in Resources */,
			);
			runOnlyForDeploymentPostprocessing = 0;
		};
/* End PBXResourcesBuildPhase section */

/* Begin PBXSourcesBuildPhase section */
		1D60588E0D05DD3D006BFB54 /* Sources */ = {
			isa = PBXSourcesBuildPhase;
			buildActionMask = 2147483647;
			files = (
				1D60589B0D05DD56006BFB54 /* main.m in Sources */,
				D2CC084A129B1C3900888692 /* NSObject+SBJSON.m in Sources */,
				D2CC084B129B1C3900888692 /* NSString+SBJSON.m in Sources */,
				D2CC084C129B1C3900888692 /* SBJsonBase.m in Sources */,
				D2CC084D129B1C3900888692 /* SBJsonParser.m in Sources */,
				D2CC084E129B1C3900888692 /* SBJsonStreamWriter.m in Sources */,
				D2CC084F129B1C3900888692 /* SBJsonWriter.m in Sources */,
				D2CC08EE129B1C9000888692 /* iPhrasrAppDelegate.m in Sources */,
				D2CC08EF129B1C9000888692 /* SayingsController.m in Sources */,
				D2CC08F4129B1CF900888692 /* Saying.m in Sources */,
			);
			runOnlyForDeploymentPostprocessing = 0;
		};
/* End PBXSourcesBuildPhase section */

/* Begin XCBuildConfiguration section */
		1D6058940D05DD3E006BFB54 /* Debug */ = {
			isa = XCBuildConfiguration;
			buildSettings = {
				ALWAYS_SEARCH_USER_PATHS = NO;
				COPY_PHASE_STRIP = NO;
				GCC_DYNAMIC_NO_PIC = NO;
				GCC_OPTIMIZATION_LEVEL = 0;
				GCC_PRECOMPILE_PREFIX_HEADER = YES;
				GCC_PREFIX_HEADER = iPhrasr_Prefix.pch;
				INFOPLIST_FILE = "iPhrasr-Info.plist";
				PRODUCT_NAME = iPhrasr;
			};
			name = Debug;
		};
		1D6058950D05DD3E006BFB54 /* Release */ = {
			isa = XCBuildConfiguration;
			buildSettings = {
				ALWAYS_SEARCH_USER_PATHS = NO;
				COPY_PHASE_STRIP = YES;
				GCC_PRECOMPILE_PREFIX_HEADER = YES;
				GCC_PREFIX_HEADER = iPhrasr_Prefix.pch;
				INFOPLIST_FILE = "iPhrasr-Info.plist";
				PRODUCT_NAME = iPhrasr;
				VALIDATE_PRODUCT = YES;
			};
			name = Release;
		};
		C01FCF4F08A954540054247B /* Debug */ = {
			isa = XCBuildConfiguration;
			buildSettings = {
				ARCHS = "$(ARCHS_STANDARD_32_BIT)";
				"CODE_SIGN_IDENTITY[sdk=iphoneos*]" = "iPhone Developer";
				GCC_C_LANGUAGE_STANDARD = c99;
				GCC_WARN_ABOUT_RETURN_TYPE = YES;
				GCC_WARN_UNUSED_VARIABLE = YES;
				PREBINDING = NO;
				SDKROOT = iphoneos4.1;
			};
			name = Debug;
		};
		C01FCF5008A954540054247B /* Release */ = {
			isa = XCBuildConfiguration;
			buildSettings = {
				ARCHS = "$(ARCHS_STANDARD_32_BIT)";
				"CODE_SIGN_IDENTITY[sdk=iphoneos*]" = "iPhone Developer";
				GCC_C_LANGUAGE_STANDARD = c99;
				GCC_WARN_ABOUT_RETURN_TYPE = YES;
				GCC_WARN_UNUSED_VARIABLE = YES;
				OTHER_CFLAGS = "-DNS_BLOCK_ASSERTIONS=1";
				PREBINDING = NO;
				SDKROOT = iphoneos4.1;
			};
			name = Release;
		};
/* End XCBuildConfiguration section */

/* Begin XCConfigurationList section */
		1D6058960D05DD3E006BFB54 /* Build configuration list for PBXNativeTarget "iPhrasr" */ = {
			isa = XCConfigurationList;
			buildConfigurations = (
				1D6058940D05DD3E006BFB54 /* Debug */,
				1D6058950D05DD3E006BFB54 /* Release */,
			);
			defaultConfigurationIsVisible = 0;
			defaultConfigurationName = Release;
		};
		C01FCF4E08A954540054247B /* Build configuration list for PBXProject "iPhrasr" */ = {
			isa = XCConfigurationList;
			buildConfigurations = (
				C01FCF4F08A954540054247B /* Debug */,
				C01FCF5008A954540054247B /* Release */,
			);
			defaultConfigurationIsVisible = 0;
			defaultConfigurationName = Release;
		};
/* End XCConfigurationList section */
	};
	rootObject = 29B97313FDCFA39411CA2CEA /* Project object */;
}
